// !$*UTF8*$!
{
	archiveVersion = 1;
	classes = {
	};
	objectVersion = 50;
	objects = {

/* Begin PBXBuildFile section */
		AF7A977A22747B48001DA3A1 /* AppDelegate.swift in Sources */ = {isa = PBXBuildFile; fileRef = AF7A977922747B48001DA3A1 /* AppDelegate.swift */; };
		AF7A977C22747B48001DA3A1 /* SplitViewController.swift in Sources */ = {isa = PBXBuildFile; fileRef = AF7A977B22747B48001DA3A1 /* SplitViewController.swift */; };
		AF7A977F22747B48001DA3A1 /* Main.storyboard in Resources */ = {isa = PBXBuildFile; fileRef = AF7A977D22747B48001DA3A1 /* Main.storyboard */; };
		AF7A978122747B4F001DA3A1 /* Assets.xcassets in Resources */ = {isa = PBXBuildFile; fileRef = AF7A978022747B4F001DA3A1 /* Assets.xcassets */; };
		AF7A978422747B4F001DA3A1 /* LaunchScreen.storyboard in Resources */ = {isa = PBXBuildFile; fileRef = AF7A978222747B4F001DA3A1 /* LaunchScreen.storyboard */; };
		AF7A978F22747B4F001DA3A1 /* OpenWheaterMapTests.swift in Sources */ = {isa = PBXBuildFile; fileRef = AF7A978E22747B4F001DA3A1 /* OpenWheaterMapTests.swift */; };
		AF7A97A122747C71001DA3A1 /* SplitWireframe.swift in Sources */ = {isa = PBXBuildFile; fileRef = AF7A97A022747C71001DA3A1 /* SplitWireframe.swift */; };
		AF7A97A322747C92001DA3A1 /* WeaterInteractor.swift in Sources */ = {isa = PBXBuildFile; fileRef = AF7A97A222747C92001DA3A1 /* WeaterInteractor.swift */; };
		AF7A97A522747CC8001DA3A1 /* WeaterPresenter.swift in Sources */ = {isa = PBXBuildFile; fileRef = AF7A97A422747CC8001DA3A1 /* WeaterPresenter.swift */; };
		AF7A97A722747CFC001DA3A1 /* WeaterManager.swift in Sources */ = {isa = PBXBuildFile; fileRef = AF7A97A622747CFC001DA3A1 /* WeaterManager.swift */; };
		AF7A97A922748E04001DA3A1 /* LocationManager.swift in Sources */ = {isa = PBXBuildFile; fileRef = AF7A97A822748E04001DA3A1 /* LocationManager.swift */; };
		AF7A97AB2274940A001DA3A1 /* LocationEntity.swift in Sources */ = {isa = PBXBuildFile; fileRef = AF7A97AA2274940A001DA3A1 /* LocationEntity.swift */; };
		AF7A97AD227494E9001DA3A1 /* LocationEntityMapper.swift in Sources */ = {isa = PBXBuildFile; fileRef = AF7A97AC227494E9001DA3A1 /* LocationEntityMapper.swift */; };
		AF7A97B122749959001DA3A1 /* ListWeatherMapModel.swift in Sources */ = {isa = PBXBuildFile; fileRef = AF7A97B022749959001DA3A1 /* ListWeatherMapModel.swift */; };
		AF7A97B32274A5ED001DA3A1 /* WeatherMapModel.swift in Sources */ = {isa = PBXBuildFile; fileRef = AF7A97B22274A5ED001DA3A1 /* WeatherMapModel.swift */; };
		AF7A97B52274A7FD001DA3A1 /* LocationCity.swift in Sources */ = {isa = PBXBuildFile; fileRef = AF7A97B42274A7FD001DA3A1 /* LocationCity.swift */; };
		AF7A97B72274A887001DA3A1 /* WeatherModel.swift in Sources */ = {isa = PBXBuildFile; fileRef = AF7A97B62274A887001DA3A1 /* WeatherModel.swift */; };
		AF7A97B92274AEB9001DA3A1 /* MainStatus.swift in Sources */ = {isa = PBXBuildFile; fileRef = AF7A97B82274AEB9001DA3A1 /* MainStatus.swift */; };
		AF7A97BB2274C037001DA3A1 /* Default-568h@2x.png in Resources */ = {isa = PBXBuildFile; fileRef = AF7A97BA2274C037001DA3A1 /* Default-568h@2x.png */; };
		AF7A97BE2274C5CB001DA3A1 /* Extensios.swift in Sources */ = {isa = PBXBuildFile; fileRef = AF7A97BD2274C5CB001DA3A1 /* Extensios.swift */; };
		AF7A97C02274C827001DA3A1 /* ListWeaterViewController.swift in Sources */ = {isa = PBXBuildFile; fileRef = AF7A97BF2274C827001DA3A1 /* ListWeaterViewController.swift */; };
		AF7A97C22274C9AF001DA3A1 /* SplitViewControllerBuilder.swift in Sources */ = {isa = PBXBuildFile; fileRef = AF7A97C12274C9AF001DA3A1 /* SplitViewControllerBuilder.swift */; };
		AF7A97CC2274CFB9001DA3A1 /* ListWeaterMap.storyboard in Resources */ = {isa = PBXBuildFile; fileRef = AF7A97CB2274CFB9001DA3A1 /* ListWeaterMap.storyboard */; };
		AF7A97CE2274CFEB001DA3A1 /* ListWeaterViewControllerBuilder.swift in Sources */ = {isa = PBXBuildFile; fileRef = AF7A97CD2274CFEB001DA3A1 /* ListWeaterViewControllerBuilder.swift */; };
		AF7A97D02274D0BC001DA3A1 /* ListWheaterMapWireframe.swift in Sources */ = {isa = PBXBuildFile; fileRef = AF7A97CF2274D0BC001DA3A1 /* ListWheaterMapWireframe.swift */; };
		AF7A97D52274D8FB001DA3A1 /* WeaterPresenterBuilder.swift in Sources */ = {isa = PBXBuildFile; fileRef = AF7A97D42274D8FB001DA3A1 /* WeaterPresenterBuilder.swift */; };
		AF7A97D72274D974001DA3A1 /* WeaterInteractorBuilder.swift in Sources */ = {isa = PBXBuildFile; fileRef = AF7A97D62274D974001DA3A1 /* WeaterInteractorBuilder.swift */; };
		AF7A97D92274DBE8001DA3A1 /* WheterItem.swift in Sources */ = {isa = PBXBuildFile; fileRef = AF7A97D82274DBE8001DA3A1 /* WheterItem.swift */; };
		AF7A97DC22761577001DA3A1 /* SplitPresenter.swift in Sources */ = {isa = PBXBuildFile; fileRef = AF7A97DB22761577001DA3A1 /* SplitPresenter.swift */; };
		AF7A97DE22761602001DA3A1 /* SplitPresenterBuilder.swift in Sources */ = {isa = PBXBuildFile; fileRef = AF7A97DD22761602001DA3A1 /* SplitPresenterBuilder.swift */; };
		AF7A97E122761BD5001DA3A1 /* ListWeatherEntity.swift in Sources */ = {isa = PBXBuildFile; fileRef = AF7A97E022761BD5001DA3A1 /* ListWeatherEntity.swift */; };
		AF7A97E322761C33001DA3A1 /* WeatherMapEntity.swift in Sources */ = {isa = PBXBuildFile; fileRef = AF7A97E222761C33001DA3A1 /* WeatherMapEntity.swift */; };
		AF7A97E522761DC7001DA3A1 /* ListWeatherEntityMapper.swift in Sources */ = {isa = PBXBuildFile; fileRef = AF7A97E422761DC7001DA3A1 /* ListWeatherEntityMapper.swift */; };
		AF7A97E722761EDD001DA3A1 /* WeatherMapEntityMapper.swift in Sources */ = {isa = PBXBuildFile; fileRef = AF7A97E622761EDD001DA3A1 /* WeatherMapEntityMapper.swift */; };
		AF7A97E922761FA4001DA3A1 /* LocationCityEntity.swift in Sources */ = {isa = PBXBuildFile; fileRef = AF7A97E822761FA4001DA3A1 /* LocationCityEntity.swift */; };
		AF7A97EB22761FDB001DA3A1 /* WeatherEntity.swift in Sources */ = {isa = PBXBuildFile; fileRef = AF7A97EA22761FDB001DA3A1 /* WeatherEntity.swift */; };
		AF7A97ED2276201B001DA3A1 /* MainStatusEntity.swift in Sources */ = {isa = PBXBuildFile; fileRef = AF7A97EC2276201B001DA3A1 /* MainStatusEntity.swift */; };
		AF7A97EF22762161001DA3A1 /* LocationCityEntityMapper.swift in Sources */ = {isa = PBXBuildFile; fileRef = AF7A97EE22762161001DA3A1 /* LocationCityEntityMapper.swift */; };
		AF7A97F122762386001DA3A1 /* WeatherEntityMapper.swift in Sources */ = {isa = PBXBuildFile; fileRef = AF7A97F022762386001DA3A1 /* WeatherEntityMapper.swift */; };
		AF7A97F322762452001DA3A1 /* MainStatusEntityMapper.swift in Sources */ = {isa = PBXBuildFile; fileRef = AF7A97F222762452001DA3A1 /* MainStatusEntityMapper.swift */; };
		AF7A97F62276265B001DA3A1 /* WeatherMapItemMapper.swift in Sources */ = {isa = PBXBuildFile; fileRef = AF7A97F52276265B001DA3A1 /* WeatherMapItemMapper.swift */; };
		AF7A97F822762690001DA3A1 /* LocationCityItem.swift in Sources */ = {isa = PBXBuildFile; fileRef = AF7A97F722762690001DA3A1 /* LocationCityItem.swift */; };
		AF7A97FA22762712001DA3A1 /* LocationCityItemMapper.swift in Sources */ = {isa = PBXBuildFile; fileRef = AF7A97F922762712001DA3A1 /* LocationCityItemMapper.swift */; };
		AF7A980022762919001DA3A1 /* WeatherMapItem.swift in Sources */ = {isa = PBXBuildFile; fileRef = AF7A97FF22762919001DA3A1 /* WeatherMapItem.swift */; };
		AF7A9802227629CC001DA3A1 /* WeaterItemMapper.swift in Sources */ = {isa = PBXBuildFile; fileRef = AF7A9801227629CC001DA3A1 /* WeaterItemMapper.swift */; };
		AF7A980422762AE7001DA3A1 /* MainStatusItem.swift in Sources */ = {isa = PBXBuildFile; fileRef = AF7A980322762AE7001DA3A1 /* MainStatusItem.swift */; };
		AF7A980622762B3D001DA3A1 /* MainStatusItemMapper.swift in Sources */ = {isa = PBXBuildFile; fileRef = AF7A980522762B3D001DA3A1 /* MainStatusItemMapper.swift */; };
		AF7A9809227635AC001DA3A1 /* WeatherTableViewCell.swift in Sources */ = {isa = PBXBuildFile; fileRef = AF7A9807227635AC001DA3A1 /* WeatherTableViewCell.swift */; };
		AF7A980A227635AC001DA3A1 /* WeatherTableViewCell.xib in Resources */ = {isa = PBXBuildFile; fileRef = AF7A9808227635AC001DA3A1 /* WeatherTableViewCell.xib */; };
		AF7A980C22763C2D001DA3A1 /* WeatherDisplayList.swift in Sources */ = {isa = PBXBuildFile; fileRef = AF7A980B22763C2D001DA3A1 /* WeatherDisplayList.swift */; };
		AF7A980E22763CB8001DA3A1 /* WeatherDisplayListMapper.swift in Sources */ = {isa = PBXBuildFile; fileRef = AF7A980D22763CB8001DA3A1 /* WeatherDisplayListMapper.swift */; };
		AF7A9814227663E4001DA3A1 /* WeaterMap.storyboard in Resources */ = {isa = PBXBuildFile; fileRef = AF7A9813227663E4001DA3A1 /* WeaterMap.storyboard */; };
		AF7A981622766409001DA3A1 /* WeaterMapViewController.swift in Sources */ = {isa = PBXBuildFile; fileRef = AF7A981522766409001DA3A1 /* WeaterMapViewController.swift */; };
		AF7A9818227664F6001DA3A1 /* WeaterMapViewControllerBuilder.swift in Sources */ = {isa = PBXBuildFile; fileRef = AF7A9817227664F6001DA3A1 /* WeaterMapViewControllerBuilder.swift */; };
		AF7A981A227665B8001DA3A1 /* WheaterMapWireframe.swift in Sources */ = {isa = PBXBuildFile; fileRef = AF7A9819227665B8001DA3A1 /* WheaterMapWireframe.swift */; };
		AF7A981F22767108001DA3A1 /* ArtworkItem.swift in Sources */ = {isa = PBXBuildFile; fileRef = AF7A981E22767108001DA3A1 /* ArtworkItem.swift */; };
		AF7A982122772909001DA3A1 /* ArtworkItemMap.swift in Sources */ = {isa = PBXBuildFile; fileRef = AF7A982022772909001DA3A1 /* ArtworkItemMap.swift */; };
		AF7A9825227770D1001DA3A1 /* SplitInterarctor.swift in Sources */ = {isa = PBXBuildFile; fileRef = AF7A9824227770D1001DA3A1 /* SplitInterarctor.swift */; };
		AF7A98272277717C001DA3A1 /* SplitInterarctorBuilder.swift in Sources */ = {isa = PBXBuildFile; fileRef = AF7A98262277717C001DA3A1 /* SplitInterarctorBuilder.swift */; };
		BA206D6645C9AE5802F0C1FF /* Pods_OpenWheaterMapTests.framework in Frameworks */ = {isa = PBXBuildFile; fileRef = EBD0CEFFC15ABED7C025A139 /* Pods_OpenWheaterMapTests.framework */; };
		C27B559B9A9EEB06A196372E /* Pods_OpenWheaterMap.framework in Frameworks */ = {isa = PBXBuildFile; fileRef = ECE70531506A154DF99B2953 /* Pods_OpenWheaterMap.framework */; };
/* End PBXBuildFile section */

/* Begin PBXContainerItemProxy section */
		AF7A978B22747B4F001DA3A1 /* PBXContainerItemProxy */ = {
			isa = PBXContainerItemProxy;
			containerPortal = AF7A976E22747B47001DA3A1 /* Project object */;
			proxyType = 1;
			remoteGlobalIDString = AF7A977522747B48001DA3A1;
			remoteInfo = OpenWheaterMap;
		};
/* End PBXContainerItemProxy section */

/* Begin PBXFileReference section */
		6597051A2394499C5C69744D /* Pods-OpenWheaterMapTests.release.xcconfig */ = {isa = PBXFileReference; includeInIndex = 1; lastKnownFileType = text.xcconfig; name = "Pods-OpenWheaterMapTests.release.xcconfig"; path = "Target Support Files/Pods-OpenWheaterMapTests/Pods-OpenWheaterMapTests.release.xcconfig"; sourceTree = "<group>"; };
		AD8A31D02A1EE263C2D728BD /* Pods-OpenWheaterMap.release.xcconfig */ = {isa = PBXFileReference; includeInIndex = 1; lastKnownFileType = text.xcconfig; name = "Pods-OpenWheaterMap.release.xcconfig"; path = "Target Support Files/Pods-OpenWheaterMap/Pods-OpenWheaterMap.release.xcconfig"; sourceTree = "<group>"; };
		AF7A977622747B48001DA3A1 /* OpenWheaterMap.app */ = {isa = PBXFileReference; explicitFileType = wrapper.application; includeInIndex = 0; path = OpenWheaterMap.app; sourceTree = BUILT_PRODUCTS_DIR; };
		AF7A977922747B48001DA3A1 /* AppDelegate.swift */ = {isa = PBXFileReference; lastKnownFileType = sourcecode.swift; path = AppDelegate.swift; sourceTree = "<group>"; };
		AF7A977B22747B48001DA3A1 /* SplitViewController.swift */ = {isa = PBXFileReference; lastKnownFileType = sourcecode.swift; path = SplitViewController.swift; sourceTree = "<group>"; };
		AF7A977E22747B48001DA3A1 /* Base */ = {isa = PBXFileReference; lastKnownFileType = file.storyboard; name = Base; path = Base.lproj/Main.storyboard; sourceTree = "<group>"; };
		AF7A978022747B4F001DA3A1 /* Assets.xcassets */ = {isa = PBXFileReference; lastKnownFileType = folder.assetcatalog; path = Assets.xcassets; sourceTree = "<group>"; };
		AF7A978322747B4F001DA3A1 /* Base */ = {isa = PBXFileReference; lastKnownFileType = file.storyboard; name = Base; path = Base.lproj/LaunchScreen.storyboard; sourceTree = "<group>"; };
		AF7A978522747B4F001DA3A1 /* Info.plist */ = {isa = PBXFileReference; lastKnownFileType = text.plist.xml; path = Info.plist; sourceTree = "<group>"; };
		AF7A978A22747B4F001DA3A1 /* OpenWheaterMapTests.xctest */ = {isa = PBXFileReference; explicitFileType = wrapper.cfbundle; includeInIndex = 0; path = OpenWheaterMapTests.xctest; sourceTree = BUILT_PRODUCTS_DIR; };
		AF7A978E22747B4F001DA3A1 /* OpenWheaterMapTests.swift */ = {isa = PBXFileReference; lastKnownFileType = sourcecode.swift; path = OpenWheaterMapTests.swift; sourceTree = "<group>"; };
		AF7A979022747B4F001DA3A1 /* Info.plist */ = {isa = PBXFileReference; lastKnownFileType = text.plist.xml; path = Info.plist; sourceTree = "<group>"; };
		AF7A97A022747C71001DA3A1 /* SplitWireframe.swift */ = {isa = PBXFileReference; lastKnownFileType = sourcecode.swift; path = SplitWireframe.swift; sourceTree = "<group>"; };
		AF7A97A222747C92001DA3A1 /* WeaterInteractor.swift */ = {isa = PBXFileReference; lastKnownFileType = sourcecode.swift; path = WeaterInteractor.swift; sourceTree = "<group>"; };
		AF7A97A422747CC8001DA3A1 /* WeaterPresenter.swift */ = {isa = PBXFileReference; lastKnownFileType = sourcecode.swift; path = WeaterPresenter.swift; sourceTree = "<group>"; };
		AF7A97A622747CFC001DA3A1 /* WeaterManager.swift */ = {isa = PBXFileReference; lastKnownFileType = sourcecode.swift; path = WeaterManager.swift; sourceTree = "<group>"; };
		AF7A97A822748E04001DA3A1 /* LocationManager.swift */ = {isa = PBXFileReference; lastKnownFileType = sourcecode.swift; path = LocationManager.swift; sourceTree = "<group>"; };
		AF7A97AA2274940A001DA3A1 /* LocationEntity.swift */ = {isa = PBXFileReference; lastKnownFileType = sourcecode.swift; path = LocationEntity.swift; sourceTree = "<group>"; };
		AF7A97AC227494E9001DA3A1 /* LocationEntityMapper.swift */ = {isa = PBXFileReference; lastKnownFileType = sourcecode.swift; path = LocationEntityMapper.swift; sourceTree = "<group>"; };
		AF7A97B022749959001DA3A1 /* ListWeatherMapModel.swift */ = {isa = PBXFileReference; lastKnownFileType = sourcecode.swift; path = ListWeatherMapModel.swift; sourceTree = "<group>"; };
		AF7A97B22274A5ED001DA3A1 /* WeatherMapModel.swift */ = {isa = PBXFileReference; lastKnownFileType = sourcecode.swift; path = WeatherMapModel.swift; sourceTree = "<group>"; };
		AF7A97B42274A7FD001DA3A1 /* LocationCity.swift */ = {isa = PBXFileReference; lastKnownFileType = sourcecode.swift; path = LocationCity.swift; sourceTree = "<group>"; };
		AF7A97B62274A887001DA3A1 /* WeatherModel.swift */ = {isa = PBXFileReference; lastKnownFileType = sourcecode.swift; path = WeatherModel.swift; sourceTree = "<group>"; };
		AF7A97B82274AEB9001DA3A1 /* MainStatus.swift */ = {isa = PBXFileReference; lastKnownFileType = sourcecode.swift; path = MainStatus.swift; sourceTree = "<group>"; };
		AF7A97BA2274C037001DA3A1 /* Default-568h@2x.png */ = {isa = PBXFileReference; lastKnownFileType = image.png; path = "Default-568h@2x.png"; sourceTree = "<group>"; };
		AF7A97BD2274C5CB001DA3A1 /* Extensios.swift */ = {isa = PBXFileReference; lastKnownFileType = sourcecode.swift; path = Extensios.swift; sourceTree = "<group>"; };
		AF7A97BF2274C827001DA3A1 /* ListWeaterViewController.swift */ = {isa = PBXFileReference; lastKnownFileType = sourcecode.swift; path = ListWeaterViewController.swift; sourceTree = "<group>"; };
		AF7A97C12274C9AF001DA3A1 /* SplitViewControllerBuilder.swift */ = {isa = PBXFileReference; lastKnownFileType = sourcecode.swift; path = SplitViewControllerBuilder.swift; sourceTree = "<group>"; };
		AF7A97CB2274CFB9001DA3A1 /* ListWeaterMap.storyboard */ = {isa = PBXFileReference; lastKnownFileType = file.storyboard; path = ListWeaterMap.storyboard; sourceTree = "<group>"; };
		AF7A97CD2274CFEB001DA3A1 /* ListWeaterViewControllerBuilder.swift */ = {isa = PBXFileReference; lastKnownFileType = sourcecode.swift; path = ListWeaterViewControllerBuilder.swift; sourceTree = "<group>"; };
		AF7A97CF2274D0BC001DA3A1 /* ListWheaterMapWireframe.swift */ = {isa = PBXFileReference; lastKnownFileType = sourcecode.swift; path = ListWheaterMapWireframe.swift; sourceTree = "<group>"; };
		AF7A97D42274D8FB001DA3A1 /* WeaterPresenterBuilder.swift */ = {isa = PBXFileReference; lastKnownFileType = sourcecode.swift; path = WeaterPresenterBuilder.swift; sourceTree = "<group>"; };
		AF7A97D62274D974001DA3A1 /* WeaterInteractorBuilder.swift */ = {isa = PBXFileReference; lastKnownFileType = sourcecode.swift; path = WeaterInteractorBuilder.swift; sourceTree = "<group>"; };
		AF7A97D82274DBE8001DA3A1 /* WheterItem.swift */ = {isa = PBXFileReference; lastKnownFileType = sourcecode.swift; path = WheterItem.swift; sourceTree = "<group>"; };
		AF7A97DB22761577001DA3A1 /* SplitPresenter.swift */ = {isa = PBXFileReference; lastKnownFileType = sourcecode.swift; path = SplitPresenter.swift; sourceTree = "<group>"; };
		AF7A97DD22761602001DA3A1 /* SplitPresenterBuilder.swift */ = {isa = PBXFileReference; lastKnownFileType = sourcecode.swift; path = SplitPresenterBuilder.swift; sourceTree = "<group>"; };
		AF7A97E022761BD5001DA3A1 /* ListWeatherEntity.swift */ = {isa = PBXFileReference; lastKnownFileType = sourcecode.swift; path = ListWeatherEntity.swift; sourceTree = "<group>"; };
		AF7A97E222761C33001DA3A1 /* WeatherMapEntity.swift */ = {isa = PBXFileReference; lastKnownFileType = sourcecode.swift; path = WeatherMapEntity.swift; sourceTree = "<group>"; };
		AF7A97E422761DC7001DA3A1 /* ListWeatherEntityMapper.swift */ = {isa = PBXFileReference; lastKnownFileType = sourcecode.swift; path = ListWeatherEntityMapper.swift; sourceTree = "<group>"; };
		AF7A97E622761EDD001DA3A1 /* WeatherMapEntityMapper.swift */ = {isa = PBXFileReference; lastKnownFileType = sourcecode.swift; path = WeatherMapEntityMapper.swift; sourceTree = "<group>"; };
		AF7A97E822761FA4001DA3A1 /* LocationCityEntity.swift */ = {isa = PBXFileReference; lastKnownFileType = sourcecode.swift; path = LocationCityEntity.swift; sourceTree = "<group>"; };
		AF7A97EA22761FDB001DA3A1 /* WeatherEntity.swift */ = {isa = PBXFileReference; lastKnownFileType = sourcecode.swift; path = WeatherEntity.swift; sourceTree = "<group>"; };
		AF7A97EC2276201B001DA3A1 /* MainStatusEntity.swift */ = {isa = PBXFileReference; lastKnownFileType = sourcecode.swift; path = MainStatusEntity.swift; sourceTree = "<group>"; };
		AF7A97EE22762161001DA3A1 /* LocationCityEntityMapper.swift */ = {isa = PBXFileReference; lastKnownFileType = sourcecode.swift; path = LocationCityEntityMapper.swift; sourceTree = "<group>"; };
		AF7A97F022762386001DA3A1 /* WeatherEntityMapper.swift */ = {isa = PBXFileReference; lastKnownFileType = sourcecode.swift; path = WeatherEntityMapper.swift; sourceTree = "<group>"; };
		AF7A97F222762452001DA3A1 /* MainStatusEntityMapper.swift */ = {isa = PBXFileReference; lastKnownFileType = sourcecode.swift; path = MainStatusEntityMapper.swift; sourceTree = "<group>"; };
		AF7A97F52276265B001DA3A1 /* WeatherMapItemMapper.swift */ = {isa = PBXFileReference; lastKnownFileType = sourcecode.swift; path = WeatherMapItemMapper.swift; sourceTree = "<group>"; };
		AF7A97F722762690001DA3A1 /* LocationCityItem.swift */ = {isa = PBXFileReference; lastKnownFileType = sourcecode.swift; path = LocationCityItem.swift; sourceTree = "<group>"; };
		AF7A97F922762712001DA3A1 /* LocationCityItemMapper.swift */ = {isa = PBXFileReference; lastKnownFileType = sourcecode.swift; path = LocationCityItemMapper.swift; sourceTree = "<group>"; };
		AF7A97FF22762919001DA3A1 /* WeatherMapItem.swift */ = {isa = PBXFileReference; lastKnownFileType = sourcecode.swift; path = WeatherMapItem.swift; sourceTree = "<group>"; };
		AF7A9801227629CC001DA3A1 /* WeaterItemMapper.swift */ = {isa = PBXFileReference; lastKnownFileType = sourcecode.swift; path = WeaterItemMapper.swift; sourceTree = "<group>"; };
		AF7A980322762AE7001DA3A1 /* MainStatusItem.swift */ = {isa = PBXFileReference; lastKnownFileType = sourcecode.swift; path = MainStatusItem.swift; sourceTree = "<group>"; };
		AF7A980522762B3D001DA3A1 /* MainStatusItemMapper.swift */ = {isa = PBXFileReference; lastKnownFileType = sourcecode.swift; path = MainStatusItemMapper.swift; sourceTree = "<group>"; };
		AF7A9807227635AC001DA3A1 /* WeatherTableViewCell.swift */ = {isa = PBXFileReference; lastKnownFileType = sourcecode.swift; path = WeatherTableViewCell.swift; sourceTree = "<group>"; };
		AF7A9808227635AC001DA3A1 /* WeatherTableViewCell.xib */ = {isa = PBXFileReference; lastKnownFileType = file.xib; path = WeatherTableViewCell.xib; sourceTree = "<group>"; };
		AF7A980B22763C2D001DA3A1 /* WeatherDisplayList.swift */ = {isa = PBXFileReference; lastKnownFileType = sourcecode.swift; path = WeatherDisplayList.swift; sourceTree = "<group>"; };
		AF7A980D22763CB8001DA3A1 /* WeatherDisplayListMapper.swift */ = {isa = PBXFileReference; lastKnownFileType = sourcecode.swift; path = WeatherDisplayListMapper.swift; sourceTree = "<group>"; };
		AF7A9813227663E4001DA3A1 /* WeaterMap.storyboard */ = {isa = PBXFileReference; lastKnownFileType = file.storyboard; path = WeaterMap.storyboard; sourceTree = "<group>"; };
		AF7A981522766409001DA3A1 /* WeaterMapViewController.swift */ = {isa = PBXFileReference; lastKnownFileType = sourcecode.swift; path = WeaterMapViewController.swift; sourceTree = "<group>"; };
		AF7A9817227664F6001DA3A1 /* WeaterMapViewControllerBuilder.swift */ = {isa = PBXFileReference; lastKnownFileType = sourcecode.swift; path = WeaterMapViewControllerBuilder.swift; sourceTree = "<group>"; };
		AF7A9819227665B8001DA3A1 /* WheaterMapWireframe.swift */ = {isa = PBXFileReference; lastKnownFileType = sourcecode.swift; path = WheaterMapWireframe.swift; sourceTree = "<group>"; };
		AF7A981E22767108001DA3A1 /* ArtworkItem.swift */ = {isa = PBXFileReference; lastKnownFileType = sourcecode.swift; path = ArtworkItem.swift; sourceTree = "<group>"; };
		AF7A982022772909001DA3A1 /* ArtworkItemMap.swift */ = {isa = PBXFileReference; lastKnownFileType = sourcecode.swift; path = ArtworkItemMap.swift; sourceTree = "<group>"; };
		AF7A9824227770D1001DA3A1 /* SplitInterarctor.swift */ = {isa = PBXFileReference; lastKnownFileType = sourcecode.swift; path = SplitInterarctor.swift; sourceTree = "<group>"; };
		AF7A98262277717C001DA3A1 /* SplitInterarctorBuilder.swift */ = {isa = PBXFileReference; lastKnownFileType = sourcecode.swift; path = SplitInterarctorBuilder.swift; sourceTree = "<group>"; };
		C0EAE216CB28D0C99C3E166F /* Pods-OpenWheaterMapTests.debug.xcconfig */ = {isa = PBXFileReference; includeInIndex = 1; lastKnownFileType = text.xcconfig; name = "Pods-OpenWheaterMapTests.debug.xcconfig"; path = "Target Support Files/Pods-OpenWheaterMapTests/Pods-OpenWheaterMapTests.debug.xcconfig"; sourceTree = "<group>"; };
		D8AF160D71BBEB7B6D672CCE /* Pods-OpenWheaterMap.debug.xcconfig */ = {isa = PBXFileReference; includeInIndex = 1; lastKnownFileType = text.xcconfig; name = "Pods-OpenWheaterMap.debug.xcconfig"; path = "Target Support Files/Pods-OpenWheaterMap/Pods-OpenWheaterMap.debug.xcconfig"; sourceTree = "<group>"; };
		EBD0CEFFC15ABED7C025A139 /* Pods_OpenWheaterMapTests.framework */ = {isa = PBXFileReference; explicitFileType = wrapper.framework; includeInIndex = 0; path = Pods_OpenWheaterMapTests.framework; sourceTree = BUILT_PRODUCTS_DIR; };
		ECE70531506A154DF99B2953 /* Pods_OpenWheaterMap.framework */ = {isa = PBXFileReference; explicitFileType = wrapper.framework; includeInIndex = 0; path = Pods_OpenWheaterMap.framework; sourceTree = BUILT_PRODUCTS_DIR; };
/* End PBXFileReference section */

/* Begin PBXFrameworksBuildPhase section */
		AF7A977322747B48001DA3A1 /* Frameworks */ = {
			isa = PBXFrameworksBuildPhase;
			buildActionMask = 2147483647;
			files = (
				C27B559B9A9EEB06A196372E /* Pods_OpenWheaterMap.framework in Frameworks */,
			);
			runOnlyForDeploymentPostprocessing = 0;
		};
		AF7A978722747B4F001DA3A1 /* Frameworks */ = {
			isa = PBXFrameworksBuildPhase;
			buildActionMask = 2147483647;
			files = (
				BA206D6645C9AE5802F0C1FF /* Pods_OpenWheaterMapTests.framework in Frameworks */,
			);
			runOnlyForDeploymentPostprocessing = 0;
		};
/* End PBXFrameworksBuildPhase section */

/* Begin PBXGroup section */
		6A397BC060FDC822893BF8D5 /* Frameworks */ = {
			isa = PBXGroup;
			children = (
				ECE70531506A154DF99B2953 /* Pods_OpenWheaterMap.framework */,
				EBD0CEFFC15ABED7C025A139 /* Pods_OpenWheaterMapTests.framework */,
			);
			name = Frameworks;
			sourceTree = "<group>";
		};
		A90CFBE6FA1651F2A71D520C /* Pods */ = {
			isa = PBXGroup;
			children = (
				D8AF160D71BBEB7B6D672CCE /* Pods-OpenWheaterMap.debug.xcconfig */,
				AD8A31D02A1EE263C2D728BD /* Pods-OpenWheaterMap.release.xcconfig */,
				C0EAE216CB28D0C99C3E166F /* Pods-OpenWheaterMapTests.debug.xcconfig */,
				6597051A2394499C5C69744D /* Pods-OpenWheaterMapTests.release.xcconfig */,
			);
			path = Pods;
			sourceTree = "<group>";
		};
		AF7A976D22747B47001DA3A1 = {
			isa = PBXGroup;
			children = (
				AF7A97BA2274C037001DA3A1 /* Default-568h@2x.png */,
				AF7A977822747B48001DA3A1 /* OpenWheaterMap */,
				AF7A978D22747B4F001DA3A1 /* OpenWheaterMapTests */,
				AF7A977722747B48001DA3A1 /* Products */,
				A90CFBE6FA1651F2A71D520C /* Pods */,
				6A397BC060FDC822893BF8D5 /* Frameworks */,
			);
			sourceTree = "<group>";
		};
		AF7A977722747B48001DA3A1 /* Products */ = {
			isa = PBXGroup;
			children = (
				AF7A977622747B48001DA3A1 /* OpenWheaterMap.app */,
				AF7A978A22747B4F001DA3A1 /* OpenWheaterMapTests.xctest */,
			);
			name = Products;
			sourceTree = "<group>";
		};
		AF7A977822747B48001DA3A1 /* OpenWheaterMap */ = {
			isa = PBXGroup;
			children = (
				AF7A97C52274CE25001DA3A1 /* Module */,
				AF7A97AE22749913001DA3A1 /* Commom */,
				AF7A977922747B48001DA3A1 /* AppDelegate.swift */,
				AF7A977D22747B48001DA3A1 /* Main.storyboard */,
				AF7A978022747B4F001DA3A1 /* Assets.xcassets */,
				AF7A978222747B4F001DA3A1 /* LaunchScreen.storyboard */,
				AF7A978522747B4F001DA3A1 /* Info.plist */,
			);
			path = OpenWheaterMap;
			sourceTree = "<group>";
		};
		AF7A978D22747B4F001DA3A1 /* OpenWheaterMapTests */ = {
			isa = PBXGroup;
			children = (
				AF7A978E22747B4F001DA3A1 /* OpenWheaterMapTests.swift */,
				AF7A979022747B4F001DA3A1 /* Info.plist */,
			);
			path = OpenWheaterMapTests;
			sourceTree = "<group>";
		};
		AF7A979A22747B86001DA3A1 /* View */ = {
			isa = PBXGroup;
			children = (
				AF7A977B22747B48001DA3A1 /* SplitViewController.swift */,
				AF7A97C12274C9AF001DA3A1 /* SplitViewControllerBuilder.swift */,
			);
			path = View;
			sourceTree = "<group>";
		};
		AF7A979E22747BF6001DA3A1 /* Wireframe */ = {
			isa = PBXGroup;
			children = (
				AF7A97A022747C71001DA3A1 /* SplitWireframe.swift */,
			);
			path = Wireframe;
			sourceTree = "<group>";
		};
		AF7A979F22747C37001DA3A1 /* Split */ = {
			isa = PBXGroup;
			children = (
				AF7A982222777083001DA3A1 /* Application Logic */,
				AF7A97C42274CC8B001DA3A1 /* User Interface */,
			);
			path = Split;
			sourceTree = "<group>";
		};
		AF7A97AE22749913001DA3A1 /* Commom */ = {
			isa = PBXGroup;
			children = (
				AF7A97F422762645001DA3A1 /* Item */,
				AF7A97DF22761BB9001DA3A1 /* Entity */,
				AF7A97D32274D1EC001DA3A1 /* Manager */,
				AF7A97D22274D1DE001DA3A1 /* Presenter */,
				AF7A97D12274D1D2001DA3A1 /* Interactor */,
				AF7A97BC2274C5AA001DA3A1 /* Extension */,
				AF7A97AF2274991A001DA3A1 /* Model */,
			);
			path = Commom;
			sourceTree = "<group>";
		};
		AF7A97AF2274991A001DA3A1 /* Model */ = {
			isa = PBXGroup;
			children = (
				AF7A97B022749959001DA3A1 /* ListWeatherMapModel.swift */,
				AF7A97B22274A5ED001DA3A1 /* WeatherMapModel.swift */,
				AF7A97B42274A7FD001DA3A1 /* LocationCity.swift */,
				AF7A97B62274A887001DA3A1 /* WeatherModel.swift */,
				AF7A97B82274AEB9001DA3A1 /* MainStatus.swift */,
			);
			path = Model;
			sourceTree = "<group>";
		};
		AF7A97BC2274C5AA001DA3A1 /* Extension */ = {
			isa = PBXGroup;
			children = (
				AF7A97BD2274C5CB001DA3A1 /* Extensios.swift */,
			);
			path = Extension;
			sourceTree = "<group>";
		};
		AF7A97C42274CC8B001DA3A1 /* User Interface */ = {
			isa = PBXGroup;
			children = (
				AF7A97DA2276155C001DA3A1 /* Presenter */,
				AF7A979A22747B86001DA3A1 /* View */,
				AF7A979E22747BF6001DA3A1 /* Wireframe */,
			);
			path = "User Interface";
			sourceTree = "<group>";
		};
		AF7A97C52274CE25001DA3A1 /* Module */ = {
			isa = PBXGroup;
			children = (
				AF7A980F227663A3001DA3A1 /* WeaterMap */,
				AF7A97C62274CEB1001DA3A1 /* ListWheaterMap */,
				AF7A979F22747C37001DA3A1 /* Split */,
			);
			path = Module;
			sourceTree = "<group>";
		};
		AF7A97C62274CEB1001DA3A1 /* ListWheaterMap */ = {
			isa = PBXGroup;
			children = (
				AF7A97C82274CED2001DA3A1 /* User Interface */,
			);
			path = ListWheaterMap;
			sourceTree = "<group>";
		};
		AF7A97C82274CED2001DA3A1 /* User Interface */ = {
			isa = PBXGroup;
			children = (
				AF7A97CA2274CF44001DA3A1 /* Wireframe */,
				AF7A97C92274CF3D001DA3A1 /* View */,
			);
			path = "User Interface";
			sourceTree = "<group>";
		};
		AF7A97C92274CF3D001DA3A1 /* View */ = {
			isa = PBXGroup;
			children = (
				AF7A97BF2274C827001DA3A1 /* ListWeaterViewController.swift */,
				AF7A97CB2274CFB9001DA3A1 /* ListWeaterMap.storyboard */,
				AF7A97CD2274CFEB001DA3A1 /* ListWeaterViewControllerBuilder.swift */,
				AF7A9807227635AC001DA3A1 /* WeatherTableViewCell.swift */,
				AF7A9808227635AC001DA3A1 /* WeatherTableViewCell.xib */,
				AF7A980B22763C2D001DA3A1 /* WeatherDisplayList.swift */,
				AF7A980D22763CB8001DA3A1 /* WeatherDisplayListMapper.swift */,
			);
			path = View;
			sourceTree = "<group>";
		};
		AF7A97CA2274CF44001DA3A1 /* Wireframe */ = {
			isa = PBXGroup;
			children = (
				AF7A97CF2274D0BC001DA3A1 /* ListWheaterMapWireframe.swift */,
			);
			path = Wireframe;
			sourceTree = "<group>";
		};
		AF7A97D12274D1D2001DA3A1 /* Interactor */ = {
			isa = PBXGroup;
			children = (
				AF7A97AA2274940A001DA3A1 /* LocationEntity.swift */,
				AF7A97AC227494E9001DA3A1 /* LocationEntityMapper.swift */,
				AF7A97A222747C92001DA3A1 /* WeaterInteractor.swift */,
				AF7A97D62274D974001DA3A1 /* WeaterInteractorBuilder.swift */,
			);
			path = Interactor;
			sourceTree = "<group>";
		};
		AF7A97D22274D1DE001DA3A1 /* Presenter */ = {
			isa = PBXGroup;
			children = (
				AF7A97A422747CC8001DA3A1 /* WeaterPresenter.swift */,
				AF7A97D42274D8FB001DA3A1 /* WeaterPresenterBuilder.swift */,
			);
			path = Presenter;
			sourceTree = "<group>";
		};
		AF7A97D32274D1EC001DA3A1 /* Manager */ = {
			isa = PBXGroup;
			children = (
				AF7A97A822748E04001DA3A1 /* LocationManager.swift */,
				AF7A97A622747CFC001DA3A1 /* WeaterManager.swift */,
			);
			path = Manager;
			sourceTree = "<group>";
		};
		AF7A97DA2276155C001DA3A1 /* Presenter */ = {
			isa = PBXGroup;
			children = (
				AF7A97DB22761577001DA3A1 /* SplitPresenter.swift */,
				AF7A97DD22761602001DA3A1 /* SplitPresenterBuilder.swift */,
			);
			path = Presenter;
			sourceTree = "<group>";
		};
		AF7A97DF22761BB9001DA3A1 /* Entity */ = {
			isa = PBXGroup;
			children = (
				AF7A97E022761BD5001DA3A1 /* ListWeatherEntity.swift */,
				AF7A97E422761DC7001DA3A1 /* ListWeatherEntityMapper.swift */,
				AF7A97E822761FA4001DA3A1 /* LocationCityEntity.swift */,
				AF7A97EE22762161001DA3A1 /* LocationCityEntityMapper.swift */,
				AF7A97EC2276201B001DA3A1 /* MainStatusEntity.swift */,
				AF7A97F222762452001DA3A1 /* MainStatusEntityMapper.swift */,
				AF7A97EA22761FDB001DA3A1 /* WeatherEntity.swift */,
				AF7A97F022762386001DA3A1 /* WeatherEntityMapper.swift */,
				AF7A97E222761C33001DA3A1 /* WeatherMapEntity.swift */,
				AF7A97E622761EDD001DA3A1 /* WeatherMapEntityMapper.swift */,
			);
			path = Entity;
			sourceTree = "<group>";
		};
		AF7A97F422762645001DA3A1 /* Item */ = {
			isa = PBXGroup;
			children = (
				AF7A97F722762690001DA3A1 /* LocationCityItem.swift */,
				AF7A97F922762712001DA3A1 /* LocationCityItemMapper.swift */,
				AF7A97FF22762919001DA3A1 /* WeatherMapItem.swift */,
				AF7A97F52276265B001DA3A1 /* WeatherMapItemMapper.swift */,
				AF7A97D82274DBE8001DA3A1 /* WheterItem.swift */,
				AF7A9801227629CC001DA3A1 /* WeaterItemMapper.swift */,
				AF7A980322762AE7001DA3A1 /* MainStatusItem.swift */,
				AF7A980522762B3D001DA3A1 /* MainStatusItemMapper.swift */,
				AF7A981E22767108001DA3A1 /* ArtworkItem.swift */,
				AF7A982022772909001DA3A1 /* ArtworkItemMap.swift */,
			);
			path = Item;
			sourceTree = "<group>";
		};
		AF7A980F227663A3001DA3A1 /* WeaterMap */ = {
			isa = PBXGroup;
			children = (
				AF7A9810227663B9001DA3A1 /* User Interface */,
			);
			path = WeaterMap;
			sourceTree = "<group>";
		};
		AF7A9810227663B9001DA3A1 /* User Interface */ = {
			isa = PBXGroup;
			children = (
				AF7A9812227663C9001DA3A1 /* View */,
				AF7A9811227663C1001DA3A1 /* Wireframe */,
			);
			path = "User Interface";
			sourceTree = "<group>";
		};
		AF7A9811227663C1001DA3A1 /* Wireframe */ = {
			isa = PBXGroup;
			children = (
				AF7A9819227665B8001DA3A1 /* WheaterMapWireframe.swift */,
			);
			path = Wireframe;
			sourceTree = "<group>";
		};
		AF7A9812227663C9001DA3A1 /* View */ = {
			isa = PBXGroup;
			children = (
				AF7A9813227663E4001DA3A1 /* WeaterMap.storyboard */,
				AF7A981522766409001DA3A1 /* WeaterMapViewController.swift */,
				AF7A9817227664F6001DA3A1 /* WeaterMapViewControllerBuilder.swift */,
			);
			path = View;
			sourceTree = "<group>";
		};
		AF7A982222777083001DA3A1 /* Application Logic */ = {
			isa = PBXGroup;
			children = (
				AF7A9823227770AD001DA3A1 /* Interactor */,
			);
			path = "Application Logic";
			sourceTree = "<group>";
		};
		AF7A9823227770AD001DA3A1 /* Interactor */ = {
			isa = PBXGroup;
			children = (
				AF7A9824227770D1001DA3A1 /* SplitInterarctor.swift */,
				AF7A98262277717C001DA3A1 /* SplitInterarctorBuilder.swift */,
			);
			path = Interactor;
			sourceTree = "<group>";
		};
/* End PBXGroup section */

/* Begin PBXNativeTarget section */
		AF7A977522747B48001DA3A1 /* OpenWheaterMap */ = {
			isa = PBXNativeTarget;
			buildConfigurationList = AF7A979322747B4F001DA3A1 /* Build configuration list for PBXNativeTarget "OpenWheaterMap" */;
			buildPhases = (
				74D5D3EC5DBAA734E30BE5B3 /* [CP] Check Pods Manifest.lock */,
				AF7A977222747B48001DA3A1 /* Sources */,
				AF7A977322747B48001DA3A1 /* Frameworks */,
				AF7A977422747B48001DA3A1 /* Resources */,
				57835E7C5A820A57DCE05457 /* [CP] Embed Pods Frameworks */,
			);
			buildRules = (
			);
			dependencies = (
			);
			name = OpenWheaterMap;
			productName = OpenWheaterMap;
			productReference = AF7A977622747B48001DA3A1 /* OpenWheaterMap.app */;
			productType = "com.apple.product-type.application";
		};
		AF7A978922747B4F001DA3A1 /* OpenWheaterMapTests */ = {
			isa = PBXNativeTarget;
			buildConfigurationList = AF7A979622747B4F001DA3A1 /* Build configuration list for PBXNativeTarget "OpenWheaterMapTests" */;
			buildPhases = (
				9C35756544C1EF10A0C12853 /* [CP] Check Pods Manifest.lock */,
				AF7A978622747B4F001DA3A1 /* Sources */,
				AF7A978722747B4F001DA3A1 /* Frameworks */,
				AF7A978822747B4F001DA3A1 /* Resources */,
			);
			buildRules = (
			);
			dependencies = (
				AF7A978C22747B4F001DA3A1 /* PBXTargetDependency */,
			);
			name = OpenWheaterMapTests;
			productName = OpenWheaterMapTests;
			productReference = AF7A978A22747B4F001DA3A1 /* OpenWheaterMapTests.xctest */;
			productType = "com.apple.product-type.bundle.unit-test";
		};
/* End PBXNativeTarget section */

/* Begin PBXProject section */
		AF7A976E22747B47001DA3A1 /* Project object */ = {
			isa = PBXProject;
			attributes = {
				LastSwiftUpdateCheck = 1010;
				LastUpgradeCheck = 1010;
				ORGANIZATIONNAME = THIAGO;
				TargetAttributes = {
					AF7A977522747B48001DA3A1 = {
						CreatedOnToolsVersion = 10.1;
					};
					AF7A978922747B4F001DA3A1 = {
						CreatedOnToolsVersion = 10.1;
						TestTargetID = AF7A977522747B48001DA3A1;
					};
				};
			};
			buildConfigurationList = AF7A977122747B47001DA3A1 /* Build configuration list for PBXProject "OpenWheaterMap" */;
			compatibilityVersion = "Xcode 9.3";
			developmentRegion = en;
			hasScannedForEncodings = 0;
			knownRegions = (
				en,
				Base,
			);
			mainGroup = AF7A976D22747B47001DA3A1;
			productRefGroup = AF7A977722747B48001DA3A1 /* Products */;
			projectDirPath = "";
			projectRoot = "";
			targets = (
				AF7A977522747B48001DA3A1 /* OpenWheaterMap */,
				AF7A978922747B4F001DA3A1 /* OpenWheaterMapTests */,
			);
		};
/* End PBXProject section */

/* Begin PBXResourcesBuildPhase section */
		AF7A977422747B48001DA3A1 /* Resources */ = {
			isa = PBXResourcesBuildPhase;
			buildActionMask = 2147483647;
			files = (
				AF7A978422747B4F001DA3A1 /* LaunchScreen.storyboard in Resources */,
				AF7A9814227663E4001DA3A1 /* WeaterMap.storyboard in Resources */,
				AF7A97BB2274C037001DA3A1 /* Default-568h@2x.png in Resources */,
				AF7A978122747B4F001DA3A1 /* Assets.xcassets in Resources */,
				AF7A97CC2274CFB9001DA3A1 /* ListWeaterMap.storyboard in Resources */,
				AF7A980A227635AC001DA3A1 /* WeatherTableViewCell.xib in Resources */,
				AF7A977F22747B48001DA3A1 /* Main.storyboard in Resources */,
			);
			runOnlyForDeploymentPostprocessing = 0;
		};
		AF7A978822747B4F001DA3A1 /* Resources */ = {
			isa = PBXResourcesBuildPhase;
			buildActionMask = 2147483647;
			files = (
			);
			runOnlyForDeploymentPostprocessing = 0;
		};
/* End PBXResourcesBuildPhase section */

/* Begin PBXShellScriptBuildPhase section */
		57835E7C5A820A57DCE05457 /* [CP] Embed Pods Frameworks */ = {
			isa = PBXShellScriptBuildPhase;
			buildActionMask = 2147483647;
			files = (
			);
			inputFileListPaths = (
			);
			inputPaths = (
				"${PODS_ROOT}/Target Support Files/Pods-OpenWheaterMap/Pods-OpenWheaterMap-frameworks.sh",
				"${BUILT_PRODUCTS_DIR}/Alamofire/Alamofire.framework",
				"${BUILT_PRODUCTS_DIR}/ObjectMapper/ObjectMapper.framework",
				"${BUILT_PRODUCTS_DIR}/RNActivityView/RNActivityView.framework",
				"${BUILT_PRODUCTS_DIR}/SDWebImage/SDWebImage.framework",
			);
			name = "[CP] Embed Pods Frameworks";
			outputFileListPaths = (
			);
			outputPaths = (
				"${TARGET_BUILD_DIR}/${FRAMEWORKS_FOLDER_PATH}/Alamofire.framework",
				"${TARGET_BUILD_DIR}/${FRAMEWORKS_FOLDER_PATH}/ObjectMapper.framework",
				"${TARGET_BUILD_DIR}/${FRAMEWORKS_FOLDER_PATH}/RNActivityView.framework",
				"${TARGET_BUILD_DIR}/${FRAMEWORKS_FOLDER_PATH}/SDWebImage.framework",
			);
			runOnlyForDeploymentPostprocessing = 0;
			shellPath = /bin/sh;
			shellScript = "\"${PODS_ROOT}/Target Support Files/Pods-OpenWheaterMap/Pods-OpenWheaterMap-frameworks.sh\"\n";
			showEnvVarsInLog = 0;
		};
		74D5D3EC5DBAA734E30BE5B3 /* [CP] Check Pods Manifest.lock */ = {
			isa = PBXShellScriptBuildPhase;
			buildActionMask = 2147483647;
			files = (
			);
			inputFileListPaths = (
			);
			inputPaths = (
				"${PODS_PODFILE_DIR_PATH}/Podfile.lock",
				"${PODS_ROOT}/Manifest.lock",
			);
			name = "[CP] Check Pods Manifest.lock";
			outputFileListPaths = (
			);
			outputPaths = (
				"$(DERIVED_FILE_DIR)/Pods-OpenWheaterMap-checkManifestLockResult.txt",
			);
			runOnlyForDeploymentPostprocessing = 0;
			shellPath = /bin/sh;
			shellScript = "diff \"${PODS_PODFILE_DIR_PATH}/Podfile.lock\" \"${PODS_ROOT}/Manifest.lock\" > /dev/null\nif [ $? != 0 ] ; then\n    # print error to STDERR\n    echo \"error: The sandbox is not in sync with the Podfile.lock. Run 'pod install' or update your CocoaPods installation.\" >&2\n    exit 1\nfi\n# This output is used by Xcode 'outputs' to avoid re-running this script phase.\necho \"SUCCESS\" > \"${SCRIPT_OUTPUT_FILE_0}\"\n";
			showEnvVarsInLog = 0;
		};
		9C35756544C1EF10A0C12853 /* [CP] Check Pods Manifest.lock */ = {
			isa = PBXShellScriptBuildPhase;
			buildActionMask = 2147483647;
			files = (
			);
			inputFileListPaths = (
			);
			inputPaths = (
				"${PODS_PODFILE_DIR_PATH}/Podfile.lock",
				"${PODS_ROOT}/Manifest.lock",
			);
			name = "[CP] Check Pods Manifest.lock";
			outputFileListPaths = (
			);
			outputPaths = (
				"$(DERIVED_FILE_DIR)/Pods-OpenWheaterMapTests-checkManifestLockResult.txt",
			);
			runOnlyForDeploymentPostprocessing = 0;
			shellPath = /bin/sh;
			shellScript = "diff \"${PODS_PODFILE_DIR_PATH}/Podfile.lock\" \"${PODS_ROOT}/Manifest.lock\" > /dev/null\nif [ $? != 0 ] ; then\n    # print error to STDERR\n    echo \"error: The sandbox is not in sync with the Podfile.lock. Run 'pod install' or update your CocoaPods installation.\" >&2\n    exit 1\nfi\n# This output is used by Xcode 'outputs' to avoid re-running this script phase.\necho \"SUCCESS\" > \"${SCRIPT_OUTPUT_FILE_0}\"\n";
			showEnvVarsInLog = 0;
		};
/* End PBXShellScriptBuildPhase section */

/* Begin PBXSourcesBuildPhase section */
		AF7A977222747B48001DA3A1 /* Sources */ = {
			isa = PBXSourcesBuildPhase;
			buildActionMask = 2147483647;
			files = (
				AF7A97DC22761577001DA3A1 /* SplitPresenter.swift in Sources */,
				AF7A977C22747B48001DA3A1 /* SplitViewController.swift in Sources */,
				AF7A97B122749959001DA3A1 /* ListWeatherMapModel.swift in Sources */,
				AF7A977A22747B48001DA3A1 /* AppDelegate.swift in Sources */,
				AF7A97E122761BD5001DA3A1 /* ListWeatherEntity.swift in Sources */,
				AF7A97C02274C827001DA3A1 /* ListWeaterViewController.swift in Sources */,
				AF7A97E922761FA4001DA3A1 /* LocationCityEntity.swift in Sources */,
				AF7A97EB22761FDB001DA3A1 /* WeatherEntity.swift in Sources */,
				AF7A97D72274D974001DA3A1 /* WeaterInteractorBuilder.swift in Sources */,
				AF7A97AD227494E9001DA3A1 /* LocationEntityMapper.swift in Sources */,
				AF7A97F822762690001DA3A1 /* LocationCityItem.swift in Sources */,
				AF7A982122772909001DA3A1 /* ArtworkItemMap.swift in Sources */,
				AF7A97CE2274CFEB001DA3A1 /* ListWeaterViewControllerBuilder.swift in Sources */,
				AF7A97B92274AEB9001DA3A1 /* MainStatus.swift in Sources */,
				AF7A97F322762452001DA3A1 /* MainStatusEntityMapper.swift in Sources */,
				AF7A9818227664F6001DA3A1 /* WeaterMapViewControllerBuilder.swift in Sources */,
				AF7A97DE22761602001DA3A1 /* SplitPresenterBuilder.swift in Sources */,
				AF7A97EF22762161001DA3A1 /* LocationCityEntityMapper.swift in Sources */,
				AF7A980E22763CB8001DA3A1 /* WeatherDisplayListMapper.swift in Sources */,
				AF7A980422762AE7001DA3A1 /* MainStatusItem.swift in Sources */,
				AF7A97ED2276201B001DA3A1 /* MainStatusEntity.swift in Sources */,
				AF7A97D02274D0BC001DA3A1 /* ListWheaterMapWireframe.swift in Sources */,
				AF7A97A122747C71001DA3A1 /* SplitWireframe.swift in Sources */,
				AF7A97B72274A887001DA3A1 /* WeatherModel.swift in Sources */,
				AF7A9825227770D1001DA3A1 /* SplitInterarctor.swift in Sources */,
				AF7A981622766409001DA3A1 /* WeaterMapViewController.swift in Sources */,
				AF7A97E322761C33001DA3A1 /* WeatherMapEntity.swift in Sources */,
				AF7A97C22274C9AF001DA3A1 /* SplitViewControllerBuilder.swift in Sources */,
				AF7A97A922748E04001DA3A1 /* LocationManager.swift in Sources */,
				AF7A97A522747CC8001DA3A1 /* WeaterPresenter.swift in Sources */,
				AF7A97AB2274940A001DA3A1 /* LocationEntity.swift in Sources */,
				AF7A980022762919001DA3A1 /* WeatherMapItem.swift in Sources */,
				AF7A97E722761EDD001DA3A1 /* WeatherMapEntityMapper.swift in Sources */,
				AF7A9802227629CC001DA3A1 /* WeaterItemMapper.swift in Sources */,
				AF7A97A722747CFC001DA3A1 /* WeaterManager.swift in Sources */,
				AF7A9809227635AC001DA3A1 /* WeatherTableViewCell.swift in Sources */,
				AF7A98272277717C001DA3A1 /* SplitInterarctorBuilder.swift in Sources */,
				AF7A97FA22762712001DA3A1 /* LocationCityItemMapper.swift in Sources */,
				AF7A980622762B3D001DA3A1 /* MainStatusItemMapper.swift in Sources */,
				AF7A980C22763C2D001DA3A1 /* WeatherDisplayList.swift in Sources */,
				AF7A981F22767108001DA3A1 /* ArtworkItem.swift in Sources */,
				AF7A97D52274D8FB001DA3A1 /* WeaterPresenterBuilder.swift in Sources */,
				AF7A97D92274DBE8001DA3A1 /* WheterItem.swift in Sources */,
				AF7A97E522761DC7001DA3A1 /* ListWeatherEntityMapper.swift in Sources */,
				AF7A97F122762386001DA3A1 /* WeatherEntityMapper.swift in Sources */,
				AF7A97A322747C92001DA3A1 /* WeaterInteractor.swift in Sources */,
				AF7A97BE2274C5CB001DA3A1 /* Extensios.swift in Sources */,
				AF7A981A227665B8001DA3A1 /* WheaterMapWireframe.swift in Sources */,
				AF7A97B32274A5ED001DA3A1 /* WeatherMapModel.swift in Sources */,
				AF7A97F62276265B001DA3A1 /* WeatherMapItemMapper.swift in Sources */,
				AF7A97B52274A7FD001DA3A1 /* LocationCity.swift in Sources */,
			);
			runOnlyForDeploymentPostprocessing = 0;
		};
		AF7A978622747B4F001DA3A1 /* Sources */ = {
			isa = PBXSourcesBuildPhase;
			buildActionMask = 2147483647;
			files = (
				AF7A978F22747B4F001DA3A1 /* OpenWheaterMapTests.swift in Sources */,
			);
			runOnlyForDeploymentPostprocessing = 0;
		};
/* End PBXSourcesBuildPhase section */

/* Begin PBXTargetDependency section */
		AF7A978C22747B4F001DA3A1 /* PBXTargetDependency */ = {
			isa = PBXTargetDependency;
			target = AF7A977522747B48001DA3A1 /* OpenWheaterMap */;
			targetProxy = AF7A978B22747B4F001DA3A1 /* PBXContainerItemProxy */;
		};
/* End PBXTargetDependency section */

/* Begin PBXVariantGroup section */
		AF7A977D22747B48001DA3A1 /* Main.storyboard */ = {
			isa = PBXVariantGroup;
			children = (
				AF7A977E22747B48001DA3A1 /* Base */,
			);
			name = Main.storyboard;
			sourceTree = "<group>";
		};
		AF7A978222747B4F001DA3A1 /* LaunchScreen.storyboard */ = {
			isa = PBXVariantGroup;
			children = (
				AF7A978322747B4F001DA3A1 /* Base */,
			);
			name = LaunchScreen.storyboard;
			sourceTree = "<group>";
		};
/* End PBXVariantGroup section */

/* Begin XCBuildConfiguration section */
		AF7A979122747B4F001DA3A1 /* Debug */ = {
			isa = XCBuildConfiguration;
			buildSettings = {
				ALWAYS_SEARCH_USER_PATHS = NO;
				CLANG_ANALYZER_NONNULL = YES;
				CLANG_ANALYZER_NUMBER_OBJECT_CONVERSION = YES_AGGRESSIVE;
				CLANG_CXX_LANGUAGE_STANDARD = "gnu++14";
				CLANG_CXX_LIBRARY = "libc++";
				CLANG_ENABLE_MODULES = YES;
				CLANG_ENABLE_OBJC_ARC = YES;
				CLANG_ENABLE_OBJC_WEAK = YES;
				CLANG_WARN_BLOCK_CAPTURE_AUTORELEASING = YES;
				CLANG_WARN_BOOL_CONVERSION = YES;
				CLANG_WARN_COMMA = YES;
				CLANG_WARN_CONSTANT_CONVERSION = YES;
				CLANG_WARN_DEPRECATED_OBJC_IMPLEMENTATIONS = YES;
				CLANG_WARN_DIRECT_OBJC_ISA_USAGE = YES_ERROR;
				CLANG_WARN_DOCUMENTATION_COMMENTS = YES;
				CLANG_WARN_EMPTY_BODY = YES;
				CLANG_WARN_ENUM_CONVERSION = YES;
				CLANG_WARN_INFINITE_RECURSION = YES;
				CLANG_WARN_INT_CONVERSION = YES;
				CLANG_WARN_NON_LITERAL_NULL_CONVERSION = YES;
				CLANG_WARN_OBJC_IMPLICIT_RETAIN_SELF = YES;
				CLANG_WARN_OBJC_LITERAL_CONVERSION = YES;
				CLANG_WARN_OBJC_ROOT_CLASS = YES_ERROR;
				CLANG_WARN_RANGE_LOOP_ANALYSIS = YES;
				CLANG_WARN_STRICT_PROTOTYPES = YES;
				CLANG_WARN_SUSPICIOUS_MOVE = YES;
				CLANG_WARN_UNGUARDED_AVAILABILITY = YES_AGGRESSIVE;
				CLANG_WARN_UNREACHABLE_CODE = YES;
				CLANG_WARN__DUPLICATE_METHOD_MATCH = YES;
				CODE_SIGN_IDENTITY = "iPhone Developer";
				COPY_PHASE_STRIP = NO;
				DEBUG_INFORMATION_FORMAT = dwarf;
				ENABLE_STRICT_OBJC_MSGSEND = YES;
				ENABLE_TESTABILITY = YES;
				GCC_C_LANGUAGE_STANDARD = gnu11;
				GCC_DYNAMIC_NO_PIC = NO;
				GCC_NO_COMMON_BLOCKS = YES;
				GCC_OPTIMIZATION_LEVEL = 0;
				GCC_PREPROCESSOR_DEFINITIONS = (
					"DEBUG=1",
					"$(inherited)",
				);
				GCC_WARN_64_TO_32_BIT_CONVERSION = YES;
				GCC_WARN_ABOUT_RETURN_TYPE = YES_ERROR;
				GCC_WARN_UNDECLARED_SELECTOR = YES;
				GCC_WARN_UNINITIALIZED_AUTOS = YES_AGGRESSIVE;
				GCC_WARN_UNUSED_FUNCTION = YES;
				GCC_WARN_UNUSED_VARIABLE = YES;
				IPHONEOS_DEPLOYMENT_TARGET = 12.1;
				MTL_ENABLE_DEBUG_INFO = INCLUDE_SOURCE;
				MTL_FAST_MATH = YES;
				ONLY_ACTIVE_ARCH = YES;
				SDKROOT = iphoneos;
				SWIFT_ACTIVE_COMPILATION_CONDITIONS = DEBUG;
				SWIFT_OPTIMIZATION_LEVEL = "-Onone";
			};
			name = Debug;
		};
		AF7A979222747B4F001DA3A1 /* Release */ = {
			isa = XCBuildConfiguration;
			buildSettings = {
				ALWAYS_SEARCH_USER_PATHS = NO;
				CLANG_ANALYZER_NONNULL = YES;
				CLANG_ANALYZER_NUMBER_OBJECT_CONVERSION = YES_AGGRESSIVE;
				CLANG_CXX_LANGUAGE_STANDARD = "gnu++14";
				CLANG_CXX_LIBRARY = "libc++";
				CLANG_ENABLE_MODULES = YES;
				CLANG_ENABLE_OBJC_ARC = YES;
				CLANG_ENABLE_OBJC_WEAK = YES;
				CLANG_WARN_BLOCK_CAPTURE_AUTORELEASING = YES;
				CLANG_WARN_BOOL_CONVERSION = YES;
				CLANG_WARN_COMMA = YES;
				CLANG_WARN_CONSTANT_CONVERSION = YES;
				CLANG_WARN_DEPRECATED_OBJC_IMPLEMENTATIONS = YES;
				CLANG_WARN_DIRECT_OBJC_ISA_USAGE = YES_ERROR;
				CLANG_WARN_DOCUMENTATION_COMMENTS = YES;
				CLANG_WARN_EMPTY_BODY = YES;
				CLANG_WARN_ENUM_CONVERSION = YES;
				CLANG_WARN_INFINITE_RECURSION = YES;
				CLANG_WARN_INT_CONVERSION = YES;
				CLANG_WARN_NON_LITERAL_NULL_CONVERSION = YES;
				CLANG_WARN_OBJC_IMPLICIT_RETAIN_SELF = YES;
				CLANG_WARN_OBJC_LITERAL_CONVERSION = YES;
				CLANG_WARN_OBJC_ROOT_CLASS = YES_ERROR;
				CLANG_WARN_RANGE_LOOP_ANALYSIS = YES;
				CLANG_WARN_STRICT_PROTOTYPES = YES;
				CLANG_WARN_SUSPICIOUS_MOVE = YES;
				CLANG_WARN_UNGUARDED_AVAILABILITY = YES_AGGRESSIVE;
				CLANG_WARN_UNREACHABLE_CODE = YES;
				CLANG_WARN__DUPLICATE_METHOD_MATCH = YES;
				CODE_SIGN_IDENTITY = "iPhone Developer";
				COPY_PHASE_STRIP = NO;
				DEBUG_INFORMATION_FORMAT = "dwarf-with-dsym";
				ENABLE_NS_ASSERTIONS = NO;
				ENABLE_STRICT_OBJC_MSGSEND = YES;
				GCC_C_LANGUAGE_STANDARD = gnu11;
				GCC_NO_COMMON_BLOCKS = YES;
				GCC_WARN_64_TO_32_BIT_CONVERSION = YES;
				GCC_WARN_ABOUT_RETURN_TYPE = YES_ERROR;
				GCC_WARN_UNDECLARED_SELECTOR = YES;
				GCC_WARN_UNINITIALIZED_AUTOS = YES_AGGRESSIVE;
				GCC_WARN_UNUSED_FUNCTION = YES;
				GCC_WARN_UNUSED_VARIABLE = YES;
				IPHONEOS_DEPLOYMENT_TARGET = 12.1;
				MTL_ENABLE_DEBUG_INFO = NO;
				MTL_FAST_MATH = YES;
				SDKROOT = iphoneos;
				SWIFT_COMPILATION_MODE = wholemodule;
				SWIFT_OPTIMIZATION_LEVEL = "-O";
				VALIDATE_PRODUCT = YES;
			};
			name = Release;
		};
		AF7A979422747B4F001DA3A1 /* Debug */ = {
			isa = XCBuildConfiguration;
			baseConfigurationReference = D8AF160D71BBEB7B6D672CCE /* Pods-OpenWheaterMap.debug.xcconfig */;
			buildSettings = {
				ASSETCATALOG_COMPILER_APPICON_NAME = AppIcon;
				CODE_SIGN_STYLE = Automatic;
				DEVELOPMENT_TEAM = 29MQPP6L4J;
				INFOPLIST_FILE = OpenWheaterMap/Info.plist;
				LD_RUNPATH_SEARCH_PATHS = (
					"$(inherited)",
					"@executable_path/Frameworks",
				);
				PRODUCT_BUNDLE_IDENTIFIER = com.br.thgdigital.OpenWeatherMap;
				PRODUCT_NAME = "$(TARGET_NAME)";
				SWIFT_VERSION = 4.2;
				TARGETED_DEVICE_FAMILY = "1,2";
			};
			name = Debug;
		};
		AF7A979522747B4F001DA3A1 /* Release */ = {
			isa = XCBuildConfiguration;
			baseConfigurationReference = AD8A31D02A1EE263C2D728BD /* Pods-OpenWheaterMap.release.xcconfig */;
			buildSettings = {
				ASSETCATALOG_COMPILER_APPICON_NAME = AppIcon;
				CODE_SIGN_STYLE = Automatic;
				DEVELOPMENT_TEAM = 29MQPP6L4J;
				INFOPLIST_FILE = OpenWheaterMap/Info.plist;
				LD_RUNPATH_SEARCH_PATHS = (
					"$(inherited)",
					"@executable_path/Frameworks",
				);
				PRODUCT_BUNDLE_IDENTIFIER = com.br.thgdigital.OpenWeatherMap;
				PRODUCT_NAME = "$(TARGET_NAME)";
				SWIFT_VERSION = 4.2;
				TARGETED_DEVICE_FAMILY = "1,2";
			};
			name = Release;
		};
		AF7A979722747B4F001DA3A1 /* Debug */ = {
			isa = XCBuildConfiguration;
			baseConfigurationReference = C0EAE216CB28D0C99C3E166F /* Pods-OpenWheaterMapTests.debug.xcconfig */;
			buildSettings = {
				ALWAYS_EMBED_SWIFT_STANDARD_LIBRARIES = YES;
				BUNDLE_LOADER = "$(TEST_HOST)";
				CODE_SIGN_STYLE = Automatic;
				DEVELOPMENT_TEAM = 29MQPP6L4J;
				INFOPLIST_FILE = OpenWheaterMapTests/Info.plist;
				LD_RUNPATH_SEARCH_PATHS = (
					"$(inherited)",
					"@executable_path/Frameworks",
					"@loader_path/Frameworks",
				);
				PRODUCT_BUNDLE_IDENTIFIER = br.com.infoglobo.oglobo.OpenWheaterMapTests;
				PRODUCT_NAME = "$(TARGET_NAME)";
				SWIFT_VERSION = 4.2;
				TARGETED_DEVICE_FAMILY = "1,2";
				TEST_HOST = "$(BUILT_PRODUCTS_DIR)/OpenWheaterMap.app/OpenWheaterMap";
			};
			name = Debug;
		};
		AF7A979822747B4F001DA3A1 /* Release */ = {
			isa = XCBuildConfiguration;
			baseConfigurationReference = 6597051A2394499C5C69744D /* Pods-OpenWheaterMapTests.release.xcconfig */;
			buildSettings = {
				ALWAYS_EMBED_SWIFT_STANDARD_LIBRARIES = YES;
				BUNDLE_LOADER = "$(TEST_HOST)";
				CODE_SIGN_STYLE = Automatic;
				DEVELOPMENT_TEAM = 29MQPP6L4J;
				INFOPLIST_FILE = OpenWheaterMapTests/Info.plist;
				LD_RUNPATH_SEARCH_PATHS = (
					"$(inherited)",
					"@executable_path/Frameworks",
					"@loader_path/Frameworks",
				);
				PRODUCT_BUNDLE_IDENTIFIER = br.com.infoglobo.oglobo.OpenWheaterMapTests;
				PRODUCT_NAME = "$(TARGET_NAME)";
				SWIFT_VERSION = 4.2;
				TARGETED_DEVICE_FAMILY = "1,2";
				TEST_HOST = "$(BUILT_PRODUCTS_DIR)/OpenWheaterMap.app/OpenWheaterMap";
			};
			name = Release;
		};
/* End XCBuildConfiguration section */

/* Begin XCConfigurationList section */
		AF7A977122747B47001DA3A1 /* Build configuration list for PBXProject "OpenWheaterMap" */ = {
			isa = XCConfigurationList;
			buildConfigurations = (
				AF7A979122747B4F001DA3A1 /* Debug */,
				AF7A979222747B4F001DA3A1 /* Release */,
			);
			defaultConfigurationIsVisible = 0;
			defaultConfigurationName = Release;
		};
		AF7A979322747B4F001DA3A1 /* Build configuration list for PBXNativeTarget "OpenWheaterMap" */ = {
			isa = XCConfigurationList;
			buildConfigurations = (
				AF7A979422747B4F001DA3A1 /* Debug */,
				AF7A979522747B4F001DA3A1 /* Release */,
			);
			defaultConfigurationIsVisible = 0;
			defaultConfigurationName = Release;
		};
		AF7A979622747B4F001DA3A1 /* Build configuration list for PBXNativeTarget "OpenWheaterMapTests" */ = {
			isa = XCConfigurationList;
			buildConfigurations = (
				AF7A979722747B4F001DA3A1 /* Debug */,
				AF7A979822747B4F001DA3A1 /* Release */,
			);
			defaultConfigurationIsVisible = 0;
			defaultConfigurationName = Release;
		};
/* End XCConfigurationList section */
	};
	rootObject = AF7A976E22747B47001DA3A1 /* Project object */;
}
