PODS:
  - Alamofire (4.8.2)
  - ObjectMapper (3.4.1)
  - SDWebImage (4.4.6):
    - SDWebImage/Core (= 4.4.6)
  - SDWebImage/Core (4.4.6)

DEPENDENCIES:
  - Alamofire
  - ObjectMapper (= 3.4.1)
  - SDWebImage (= 4.4.6)

SPEC REPOS:
  https://github.com/cocoapods/specs.git:
    - Alamofire
    - ObjectMapper
    - SDWebImage

SPEC CHECKSUMS:
  Alamofire: ae5c501addb7afdbb13687d7f2f722c78734c2d3
  ObjectMapper: 5311bd50ca732930959e7ca1a2de43ab823a5ced
  SDWebImage: 3f3f0c02f09798048c47a5ed0a13f17b063572d8

PODFILE CHECKSUM: 726c89e3c37da8578cf9222898e036a1351fedbf

COCOAPODS: 1.6.1
